
Microsoft Visual Studio Solution File, Format Version 12.00
# Visual Studio 14
VisualStudioVersion = 14.0.23107.0
MinimumVisualStudioVersion = 10.0.40219.1
Project("{FAE04EC0-301F-11D3-BF4B-00C04F79EFBC}") = "Loto", "PbPart3\Loto.csproj", "{F2BCDD7C-B0B3-45D0-A424-64290B170022}"
EndProject
Project("{FAE04EC0-301F-11D3-BF4B-00C04F79EFBC}") = "Loto.Tests", "LotoTests\Loto.Tests.csproj", "{6C3A8F51-54A2-4B7D-A394-C9E57ED1F451}"
EndProject
Project("{FAE04EC0-301F-11D3-BF4B-00C04F79EFBC}") = "EncryptiontAndDecryption", "EncryptiontAndDecryption\EncryptiontAndDecryption.csproj", "{1E247F27-C85B-4639-B991-28A1A06BB7BE}"
EndProject
Project("{FAE04EC0-301F-11D3-BF4B-00C04F79EFBC}") = "EncryptionAndDecryption.Tests", "EncryptionAndDecryption.Tests\EncryptionAndDecryption.Tests.csproj", "{88776E2E-B7DE-46C3-B400-6A9782EC4ADD}"
EndProject
Project("{FAE04EC0-301F-11D3-BF4B-00C04F79EFBC}") = "OperationsOnBases", "OperationsOnBases\OperationsOnBases.csproj", "{3ECA76A1-E696-4808-895E-34D22A1CF05B}"
EndProject
Project("{FAE04EC0-301F-11D3-BF4B-00C04F79EFBC}") = "OperationsOnBases.Tests", "OperationsOnBases.Tests\OperationsOnBases.Tests.csproj", "{2B731667-B000-4354-985B-9A0114226668}"
EndProject
Project("{FAE04EC0-301F-11D3-BF4B-00C04F79EFBC}") = "Shopping", "Shopping\Shopping.csproj", "{D00936B2-33B0-44D3-8336-AB8639EC2952}"
EndProject
Project("{FAE04EC0-301F-11D3-BF4B-00C04F79EFBC}") = "Shopping.Tests", "Shopping.Tests\Shopping.Tests.csproj", "{C14F78E5-EE5B-4B49-96A9-6D49D353D17C}"
EndProject
Project("{FAE04EC0-301F-11D3-BF4B-00C04F79EFBC}") = "Meteo", "Meteo\Meteo.csproj", "{56405934-CAF3-4481-A631-AB282C45BD6F}"
EndProject
Project("{FAE04EC0-301F-11D3-BF4B-00C04F79EFBC}") = "Meteo.Tests", "Meteo.Tests\Meteo.Tests.csproj", "{5228447C-6EEC-4FE0-B1A7-1E79CFDA2F0A}"
EndProject
Global
	GlobalSection(SolutionConfigurationPlatforms) = preSolution
		Debug|Any CPU = Debug|Any CPU
		Release|Any CPU = Release|Any CPU
	EndGlobalSection
	GlobalSection(ProjectConfigurationPlatforms) = postSolution
		{F2BCDD7C-B0B3-45D0-A424-64290B170022}.Debug|Any CPU.ActiveCfg = Debug|Any CPU
		{F2BCDD7C-B0B3-45D0-A424-64290B170022}.Debug|Any CPU.Build.0 = Debug|Any CPU
		{F2BCDD7C-B0B3-45D0-A424-64290B170022}.Release|Any CPU.ActiveCfg = Release|Any CPU
		{F2BCDD7C-B0B3-45D0-A424-64290B170022}.Release|Any CPU.Build.0 = Release|Any CPU
		{6C3A8F51-54A2-4B7D-A394-C9E57ED1F451}.Debug|Any CPU.ActiveCfg = Debug|Any CPU
		{6C3A8F51-54A2-4B7D-A394-C9E57ED1F451}.Debug|Any CPU.Build.0 = Debug|Any CPU
		{6C3A8F51-54A2-4B7D-A394-C9E57ED1F451}.Release|Any CPU.ActiveCfg = Release|Any CPU
		{6C3A8F51-54A2-4B7D-A394-C9E57ED1F451}.Release|Any CPU.Build.0 = Release|Any CPU
		{1E247F27-C85B-4639-B991-28A1A06BB7BE}.Debug|Any CPU.ActiveCfg = Debug|Any CPU
		{1E247F27-C85B-4639-B991-28A1A06BB7BE}.Debug|Any CPU.Build.0 = Debug|Any CPU
		{1E247F27-C85B-4639-B991-28A1A06BB7BE}.Release|Any CPU.ActiveCfg = Release|Any CPU
		{1E247F27-C85B-4639-B991-28A1A06BB7BE}.Release|Any CPU.Build.0 = Release|Any CPU
		{88776E2E-B7DE-46C3-B400-6A9782EC4ADD}.Debug|Any CPU.ActiveCfg = Debug|Any CPU
		{88776E2E-B7DE-46C3-B400-6A9782EC4ADD}.Debug|Any CPU.Build.0 = Debug|Any CPU
		{88776E2E-B7DE-46C3-B400-6A9782EC4ADD}.Release|Any CPU.ActiveCfg = Release|Any CPU
		{88776E2E-B7DE-46C3-B400-6A9782EC4ADD}.Release|Any CPU.Build.0 = Release|Any CPU
		{3ECA76A1-E696-4808-895E-34D22A1CF05B}.Debug|Any CPU.ActiveCfg = Debug|Any CPU
		{3ECA76A1-E696-4808-895E-34D22A1CF05B}.Debug|Any CPU.Build.0 = Debug|Any CPU
		{3ECA76A1-E696-4808-895E-34D22A1CF05B}.Release|Any CPU.ActiveCfg = Release|Any CPU
		{3ECA76A1-E696-4808-895E-34D22A1CF05B}.Release|Any CPU.Build.0 = Release|Any CPU
		{2B731667-B000-4354-985B-9A0114226668}.Debug|Any CPU.ActiveCfg = Debug|Any CPU
		{2B731667-B000-4354-985B-9A0114226668}.Debug|Any CPU.Build.0 = Debug|Any CPU
		{2B731667-B000-4354-985B-9A0114226668}.Release|Any CPU.ActiveCfg = Release|Any CPU
		{2B731667-B000-4354-985B-9A0114226668}.Release|Any CPU.Build.0 = Release|Any CPU
		{D00936B2-33B0-44D3-8336-AB8639EC2952}.Debug|Any CPU.ActiveCfg = Debug|Any CPU
		{D00936B2-33B0-44D3-8336-AB8639EC2952}.Debug|Any CPU.Build.0 = Debug|Any CPU
		{D00936B2-33B0-44D3-8336-AB8639EC2952}.Release|Any CPU.ActiveCfg = Release|Any CPU
		{D00936B2-33B0-44D3-8336-AB8639EC2952}.Release|Any CPU.Build.0 = Release|Any CPU
		{C14F78E5-EE5B-4B49-96A9-6D49D353D17C}.Debug|Any CPU.ActiveCfg = Debug|Any CPU
		{C14F78E5-EE5B-4B49-96A9-6D49D353D17C}.Debug|Any CPU.Build.0 = Debug|Any CPU
		{C14F78E5-EE5B-4B49-96A9-6D49D353D17C}.Release|Any CPU.ActiveCfg = Release|Any CPU
		{C14F78E5-EE5B-4B49-96A9-6D49D353D17C}.Release|Any CPU.Build.0 = Release|Any CPU
		{56405934-CAF3-4481-A631-AB282C45BD6F}.Debug|Any CPU.ActiveCfg = Debug|Any CPU
		{56405934-CAF3-4481-A631-AB282C45BD6F}.Debug|Any CPU.Build.0 = Debug|Any CPU
		{56405934-CAF3-4481-A631-AB282C45BD6F}.Release|Any CPU.ActiveCfg = Release|Any CPU
		{56405934-CAF3-4481-A631-AB282C45BD6F}.Release|Any CPU.Build.0 = Release|Any CPU
		{5228447C-6EEC-4FE0-B1A7-1E79CFDA2F0A}.Debug|Any CPU.ActiveCfg = Debug|Any CPU
		{5228447C-6EEC-4FE0-B1A7-1E79CFDA2F0A}.Debug|Any CPU.Build.0 = Debug|Any CPU
		{5228447C-6EEC-4FE0-B1A7-1E79CFDA2F0A}.Release|Any CPU.ActiveCfg = Release|Any CPU
		{5228447C-6EEC-4FE0-B1A7-1E79CFDA2F0A}.Release|Any CPU.Build.0 = Release|Any CPU
	EndGlobalSection
	GlobalSection(SolutionProperties) = preSolution
		HideSolutionNode = FALSE
	EndGlobalSection
EndGlobal
